
Microsoft Visual Studio Solution File, Format Version 12.00
# Visual Studio Version 16
VisualStudioVersion = 16.0.31911.196
MinimumVisualStudioVersion = 10.0.40219.1
Project("{FAE04EC0-301F-11D3-BF4B-00C04F79EFBC}") = "Lab_13", "Lab_13\Lab_13.csproj", "{2591540D-2449-4A2D-A07B-5C8EE4893031}"
EndProject
Global
	GlobalSection(SolutionConfigurationPlatforms) = preSolution
		Debug|Any CPU = Debug|Any CPU
		Release|Any CPU = Release|Any CPU
	EndGlobalSection
	GlobalSection(ProjectConfigurationPlatforms) = postSolution
		{2591540D-2449-4A2D-A07B-5C8EE4893031}.Debug|Any CPU.ActiveCfg = Debug|Any CPU
		{2591540D-2449-4A2D-A07B-5C8EE4893031}.Debug|Any CPU.Build.0 = Debug|Any CPU
		{2591540D-2449-4A2D-A07B-5C8EE4893031}.Release|Any CPU.ActiveCfg = Release|Any CPU
		{2591540D-2449-4A2D-A07B-5C8EE4893031}.Release|Any CPU.Build.0 = Release|Any CPU
	EndGlobalSection
	GlobalSection(SolutionProperties) = preSolution
		HideSolutionNode = FALSE
	EndGlobalSection
	GlobalSection(ExtensibilityGlobals) = postSolution
		SolutionGuid = {36A0BDB7-1775-4376-8170-8B0EA3B5FB99}
	EndGlobalSection
EndGlobal
